<?xml version="1.0" encoding="UTF-8"?>
<CONFIG>
  <ProjectOptions>
    <Version Value="11"/>
    <PathDelim Value="\"/>
    <General>
      <SessionStorage Value="InProjectDir"/>
      <MainUnit Value="0"/>
      <Title Value="SpritelyLaz"/>
      <Scaled Value="True"/>
      <ResourceType Value="res"/>
      <UseXPManifest Value="True"/>
      <XPManifest>
        <DpiAware Value="True"/>
        <TextName Value="com/peardox.spritely"/>
        <TextDesc Value="Spritey"/>
      </XPManifest>
      <Icon Value="0"/>
    </General>
    <VersionInfo>
      <UseVersionInfo Value="True"/>
      <MinorVersionNr Value="1"/>
      <RevisionNr Value="1"/>
    </VersionInfo>
    <BuildModes Count="1">
      <Item1 Name="Default" Default="True"/>
    </BuildModes>
    <PublishOptions>
      <Version Value="2"/>
      <UseFileFilters Value="True"/>
    </PublishOptions>
    <RunParams>
      <FormatVersion Value="2"/>
      <Modes Count="0"/>
    </RunParams>
    <RequiredPackages Count="8">
      <Item1>
        <PackageName Value="bgracontrols"/>
      </Item1>
      <Item2>
        <PackageName Value="eccontrols"/>
      </Item2>
      <Item3>
        <PackageName Value="Pexpandpanels"/>
      </Item3>
      <Item4>
        <PackageName Value="poweredby"/>
      </Item4>
      <Item5>
        <PackageName Value="splashabout"/>
      </Item5>
      <Item6>
        <PackageName Value="castle_base"/>
      </Item6>
      <Item7>
        <PackageName Value="castle_components"/>
      </Item7>
      <Item8>
        <PackageName Value="LCL"/>
      </Item8>
    </RequiredPackages>
    <Units Count="14">
      <Unit0>
        <Filename Value="SpritelyLaz.lpr"/>
        <IsPartOfProject Value="True"/>
      </Unit0>
      <Unit1>
        <Filename Value="guiinitialization.pas"/>
        <IsPartOfProject Value="True"/>
        <ComponentName Value="CastleForm"/>
        <HasResources Value="True"/>
        <ResourceBaseClass Value="Form"/>
        <UnitName Value="GUIInitialization"/>
      </Unit1>
      <Unit2>
        <Filename Value="maingameunit.pas"/>
        <IsPartOfProject Value="True"/>
        <UnitName Value="MainGameUnit"/>
      </Unit2>
      <Unit3>
        <Filename Value="staging.pas"/>
        <IsPartOfProject Value="True"/>
        <UnitName Value="Staging"/>
      </Unit3>
      <Unit4>
        <Filename Value="multimodel.pas"/>
        <IsPartOfProject Value="True"/>
      </Unit4>
      <Unit5>
        <Filename Value="jsontools.pas"/>
        <IsPartOfProject Value="True"/>
        <UnitName Value="JsonTools"/>
      </Unit5>
      <Unit6>
        <Filename Value="miscfunctions.pas"/>
        <IsPartOfProject Value="True"/>
        <UnitName Value="MiscFunctions"/>
      </Unit6>
      <Unit7>
        <Filename Value="anitxtjson.pas"/>
        <IsPartOfProject Value="True"/>
        <UnitName Value="AniTxtJson"/>
      </Unit7>
      <Unit8>
        <Filename Value="anitakeutils.pas"/>
        <IsPartOfProject Value="True"/>
        <UnitName Value="AniTakeUtils"/>
      </Unit8>
      <Unit9>
        <Filename Value="spritelylog.pas"/>
        <IsPartOfProject Value="True"/>
        <UnitName Value="SpritelyLog"/>
      </Unit9>
      <Unit10>
        <Filename Value="overlays.pas"/>
        <IsPartOfProject Value="True"/>
        <UnitName Value="Overlays"/>
      </Unit10>
      <Unit11>
        <Filename Value="rgbalphaimagehelp.pas"/>
        <IsPartOfProject Value="True"/>
        <UnitName Value="RGBAlphaImageHelp"/>
      </Unit11>
      <Unit12>
        <Filename Value="sheetview.pas"/>
        <IsPartOfProject Value="True"/>
        <UnitName Value="SheetView"/>
      </Unit12>
      <Unit13>
        <Filename Value="controlpanel.pas"/>
        <IsPartOfProject Value="True"/>
        <UnitName Value="ControlPanel"/>
      </Unit13>
    </Units>
  </ProjectOptions>
  <CompilerOptions>
    <Version Value="11"/>
    <PathDelim Value="\"/>
    <Target>
      <Filename Value="SpritelyLaz"/>
    </Target>
    <SearchPaths>
      <IncludeFiles Value="$(ProjOutDir)"/>
      <OtherUnitFiles Value="openssl"/>
      <UnitOutputDirectory Value="lib\$(TargetCPU)-$(TargetOS)"/>
    </SearchPaths>
    <Linking>
      <Debugging>
        <UseHeaptrc Value="True"/>
      </Debugging>
      <Options>
        <Win32>
          <GraphicApplication Value="True"/>
        </Win32>
      </Options>
    </Linking>
  </CompilerOptions>
  <Debugging>
    <Exceptions Count="4">
      <Item1>
        <Name Value="EAbort"/>
      </Item1>
      <Item2>
        <Name Value="ECodetoolError"/>
      </Item2>
      <Item3>
        <Name Value="EFOpenError"/>
      </Item3>
      <Item4>
        <Name Value="ECheckFailed"/>
      </Item4>
    </Exceptions>
  </Debugging>
</CONFIG>
